
Microsoft Visual Studio Solution File, Format Version 12.00
# Visual Studio Version 16
VisualStudioVersion = 16.0.31105.61
MinimumVisualStudioVersion = 10.0.40219.1
Project("{FAE04EC0-301F-11D3-BF4B-00C04F79EFBC}") = "FN622", "FN622\FN622.csproj", "{294A54B7-1A5B-4AC1-A453-A6AAD20F6D87}"
EndProject
Global
	GlobalSection(SolutionConfigurationPlatforms) = preSolution
		Debug|Any CPU = Debug|Any CPU
		Release|Any CPU = Release|Any CPU
	EndGlobalSection
	GlobalSection(ProjectConfigurationPlatforms) = postSolution
		{294A54B7-1A5B-4AC1-A453-A6AAD20F6D87}.Debug|Any CPU.ActiveCfg = Debug|Any CPU
		{294A54B7-1A5B-4AC1-A453-A6AAD20F6D87}.Debug|Any CPU.Build.0 = Debug|Any CPU
		{294A54B7-1A5B-4AC1-A453-A6AAD20F6D87}.Release|Any CPU.ActiveCfg = Release|Any CPU
		{294A54B7-1A5B-4AC1-A453-A6AAD20F6D87}.Release|Any CPU.Build.0 = Release|Any CPU
	EndGlobalSection
	GlobalSection(SolutionProperties) = preSolution
		HideSolutionNode = FALSE
	EndGlobalSection
	GlobalSection(ExtensibilityGlobals) = postSolution
		SolutionGuid = {C27AB42D-46FA-4E4F-92D6-3C076EEE850F}
	EndGlobalSection
EndGlobal
